
Microsoft Visual Studio Solution File, Format Version 12.00
# Visual Studio Version 17
VisualStudioVersion = 17.5.002.0
MinimumVisualStudioVersion = 10.0.40219.1
Project("{9A19103F-16F7-4668-BE54-9A1E7A4F7556}") = "Task4", "Task4.csproj", "{C3ACF12C-91A8-4974-AD29-9ED69BBF4093}"
EndProject
Global
	GlobalSection(SolutionConfigurationPlatforms) = preSolution
		Debug|Any CPU = Debug|Any CPU
		Release|Any CPU = Release|Any CPU
	EndGlobalSection
	GlobalSection(ProjectConfigurationPlatforms) = postSolution
		{C3ACF12C-91A8-4974-AD29-9ED69BBF4093}.Debug|Any CPU.ActiveCfg = Debug|Any CPU
		{C3ACF12C-91A8-4974-AD29-9ED69BBF4093}.Debug|Any CPU.Build.0 = Debug|Any CPU
		{C3ACF12C-91A8-4974-AD29-9ED69BBF4093}.Release|Any CPU.ActiveCfg = Release|Any CPU
		{C3ACF12C-91A8-4974-AD29-9ED69BBF4093}.Release|Any CPU.Build.0 = Release|Any CPU
	EndGlobalSection
	GlobalSection(SolutionProperties) = preSolution
		HideSolutionNode = FALSE
	EndGlobalSection
	GlobalSection(ExtensibilityGlobals) = postSolution
		SolutionGuid = {AB824088-7019-420B-8034-C0F559ED597E}
	EndGlobalSection
EndGlobal
