
Microsoft Visual Studio Solution File, Format Version 12.00
# Visual Studio Version 17
VisualStudioVersion = 17.5.002.0
MinimumVisualStudioVersion = 10.0.40219.1
Project("{9A19103F-16F7-4668-BE54-9A1E7A4F7556}") = "Task4", "Task4.csproj", "{00A4A1E3-3A78-47D7-AB7D-E6E054226A45}"
EndProject
Global
	GlobalSection(SolutionConfigurationPlatforms) = preSolution
		Debug|Any CPU = Debug|Any CPU
		Release|Any CPU = Release|Any CPU
	EndGlobalSection
	GlobalSection(ProjectConfigurationPlatforms) = postSolution
		{00A4A1E3-3A78-47D7-AB7D-E6E054226A45}.Debug|Any CPU.ActiveCfg = Debug|Any CPU
		{00A4A1E3-3A78-47D7-AB7D-E6E054226A45}.Debug|Any CPU.Build.0 = Debug|Any CPU
		{00A4A1E3-3A78-47D7-AB7D-E6E054226A45}.Release|Any CPU.ActiveCfg = Release|Any CPU
		{00A4A1E3-3A78-47D7-AB7D-E6E054226A45}.Release|Any CPU.Build.0 = Release|Any CPU
	EndGlobalSection
	GlobalSection(SolutionProperties) = preSolution
		HideSolutionNode = FALSE
	EndGlobalSection
	GlobalSection(ExtensibilityGlobals) = postSolution
		SolutionGuid = {CC485892-487C-48E4-9581-67D98235B99D}
	EndGlobalSection
EndGlobal
